<?xml version="1.0" encoding="UTF-8" standalone="yes" ?>
<CodeBlocks_project_file>
	<FileVersion major="1" minor="6" />
	<Project>
		<Option title="demo_rpg" />
		<Option pch_mode="2" />
		<Option compiler="gcc" />
		<Build>
			<Target title="Debug">
				<Option output="bin/Debug/test2" prefix_auto="1" extension_auto="1" />
				<Option object_output="obj/Debug/" />
				<Option additional_output="../librerias/Box2d/Box2d.cbp;" />
				<Option type="1" />
				<Option compiler="gcc" />
				<Compiler>
					<Add option="-std=c++11" />
					<Add option="-g" />
					<Add option="-DSFML_STATIC" />
					<Add option="-DGLEW_STATIC" />
					<Add option="-DSFGUI_STATIC" />
					<Add option="-DUNICODE" />
					<Add directory="../librerias/Box2d/include" />
					<Add directory="../librerias/Lua/include" />
					<Add directory="../librerias/Thor/include" />
					<Add directory="../librerias/SFGUI/include" />
				</Compiler>
				<Linker>
					<Add option="-lBox2D" />
					<Add library="sfgui-s" />
					<Add library="sfml-graphics-s-d" />
					<Add library="sfml-audio-s-d" />
					<Add library="sfml-window-s-d" />
					<Add library="sfml-system-s-d" />
					<Add library="thor-s-d" />
					<Add library="sndfile" />
					<Add library="openal32" />
					<Add library="ws2_32" />
					<Add library="jpeg" />
					<Add library="glew" />
					<Add library="freetype" />
					<Add library="gdi32" />
					<Add library="opengl32" />
					<Add library="winmm" />
					<Add library="lua5.1-s" />
					<Add directory="../librerias/Box2D/lib" />
					<Add directory="../librerias/Lua/lib" />
					<Add directory="../librerias/Thor/lib" />
					<Add directory="../librerias/SFGUI/lib" />
				</Linker>
			</Target>
			<Target title="Release">
				<Option output="bin/Release/test2" prefix_auto="1" extension_auto="1" />
				<Option object_output="obj/Release/" />
				<Option additional_output="../librerias/Box2d/Box2d.cbp;" />
				<Option type="0" />
				<Option compiler="gcc" />
				<Compiler>
					<Add option="-O2" />
					<Add option="-std=c++11" />
					<Add option="-DSFML_STATIC" />
					<Add option="-DGLEW_STATIC" />
					<Add option="-DSFGUI_STATIC" />
					<Add option="-DUNICODE" />
					<Add directory="../librerias/Lua/include" />
					<Add directory="../librerias/Thor/include" />
					<Add directory="../librerias/SFGUI/include" />
					<Add directory="../librerias/Box2d/include" />
				</Compiler>
				<Linker>
					<Add option="-s" />
					<Add library="sfgui-s" />
					<Add library="sfml-graphics-s" />
					<Add library="sfml-audio-s" />
					<Add library="sfml-window-s" />
					<Add library="sfml-system-s" />
					<Add library="thor-s" />
					<Add library="sndfile" />
					<Add library="openal32" />
					<Add library="ws2_32" />
					<Add library="jpeg" />
					<Add library="glew" />
					<Add library="freetype" />
					<Add library="gdi32" />
					<Add library="opengl32" />
					<Add library="winmm" />
					<Add library="lua5.1-s" />
					<Add library="Box2D-s" />
					<Add directory="../librerias/Lua/lib" />
					<Add directory="../librerias/Thor/lib" />
					<Add directory="../librerias/SFGUI/lib" />
					<Add directory="../librerias/Box2D/lib" />
				</Linker>
			</Target>
		</Build>
		<Compiler>
			<Add option="-Wall" />
		</Compiler>
		<Linker>
			<Add directory="../librerias/SFML_GIT/extlibs/libs-mingw/x86" />
		</Linker>
		<Unit filename="src/AnimatedAccessor.h" />
		<Unit filename="src/debugrender.cpp" />
		<Unit filename="src/debugrender.h" />
		<Unit filename="src/main.cpp" />
		<Unit filename="src/ssengine/AICharacter.cpp" />
		<Unit filename="src/ssengine/AICharacter.h" />
		<Unit filename="src/ssengine/AStarFinder.cpp" />
		<Unit filename="src/ssengine/AStarFinder.h" />
		<Unit filename="src/ssengine/AnimatedSprite.cpp" />
		<Unit filename="src/ssengine/AnimatedSprite.hpp" />
		<Unit filename="src/ssengine/Animation.cpp" />
		<Unit filename="src/ssengine/Animation.hpp" />
		<Unit filename="src/ssengine/AssetManager.h" />
		<Unit filename="src/ssengine/Bullet.cpp" />
		<Unit filename="src/ssengine/Bullet.h" />
		<Unit filename="src/ssengine/ContactListener.h" />
		<Unit filename="src/ssengine/GameContext.cpp" />
		<Unit filename="src/ssengine/GameContext.h" />
		<Unit filename="src/ssengine/Level.cpp" />
		<Unit filename="src/ssengine/Level.h" />
		<Unit filename="src/ssengine/Level1.cpp" />
		<Unit filename="src/ssengine/Level1.h" />
		<Unit filename="src/ssengine/LoaderScreen.cpp" />
		<Unit filename="src/ssengine/LoaderScreen.h" />
		<Unit filename="src/ssengine/Player.cpp" />
		<Unit filename="src/ssengine/Player.h" />
		<Unit filename="src/ssengine/Screen.h" />
		<Unit filename="src/ssengine/UserData.cpp" />
		<Unit filename="src/ssengine/UserData.h" />
		<Unit filename="src/ssengine/actionentity.cpp" />
		<Unit filename="src/ssengine/actionentity.h" />
		<Unit filename="src/ssengine/character.cpp" />
		<Unit filename="src/ssengine/character.h" />
		<Unit filename="src/ssengine/drawableentity.h" />
		<Unit filename="src/ssengine/loadconf/LuaScript.cpp" />
		<Unit filename="src/ssengine/loadconf/LuaScript.h" />
		<Unit filename="src/ssengine/particlesys.h" />
		<Unit filename="src/ssengine/rubestuff/b2dJson.cpp" />
		<Unit filename="src/ssengine/rubestuff/b2dJson.h" />
		<Unit filename="src/ssengine/rubestuff/b2dJsonImage.cpp" />
		<Unit filename="src/ssengine/rubestuff/b2dJsonImage.h" />
		<Unit filename="src/ssengine/rubestuff/json/json-forwards.h" />
		<Unit filename="src/ssengine/rubestuff/json/json.h" />
		<Unit filename="src/ssengine/rubestuff/jsoncpp.cpp" />
		<Unit filename="src/ssengine/ssengine.h" />
		<Unit filename="src/ssengine/tween/Accessor.h" />
		<Unit filename="src/ssengine/tween/Easing/Back.cpp" />
		<Unit filename="src/ssengine/tween/Easing/Back.h" />
		<Unit filename="src/ssengine/tween/Easing/Bounce.cpp" />
		<Unit filename="src/ssengine/tween/Easing/Bounce.h" />
		<Unit filename="src/ssengine/tween/Easing/Circ.cpp" />
		<Unit filename="src/ssengine/tween/Easing/Circ.h" />
		<Unit filename="src/ssengine/tween/Easing/Cubic.cpp" />
		<Unit filename="src/ssengine/tween/Easing/Cubic.h" />
		<Unit filename="src/ssengine/tween/Easing/Easing.h" />
		<Unit filename="src/ssengine/tween/Easing/Elastic.cpp" />
		<Unit filename="src/ssengine/tween/Easing/Elastic.h" />
		<Unit filename="src/ssengine/tween/Easing/Expo.cpp" />
		<Unit filename="src/ssengine/tween/Easing/Expo.h" />
		<Unit filename="src/ssengine/tween/Easing/Linear.cpp" />
		<Unit filename="src/ssengine/tween/Easing/Linear.h" />
		<Unit filename="src/ssengine/tween/Easing/Quad.cpp" />
		<Unit filename="src/ssengine/tween/Easing/Quad.h" />
		<Unit filename="src/ssengine/tween/Easing/Quart.cpp" />
		<Unit filename="src/ssengine/tween/Easing/Quart.h" />
		<Unit filename="src/ssengine/tween/Easing/Quint.cpp" />
		<Unit filename="src/ssengine/tween/Easing/Quint.h" />
		<Unit filename="src/ssengine/tween/Easing/Sine.cpp" />
		<Unit filename="src/ssengine/tween/Easing/Sine.h" />
		<Unit filename="src/ssengine/tween/Tween.cpp" />
		<Unit filename="src/ssengine/tween/Tween.h" />
		<Unit filename="src/ssengine/tween/TweenManager.cpp" />
		<Unit filename="src/ssengine/tween/TweenManager.h" />
		<Unit filename="src/ssengine/util.cpp" />
		<Unit filename="src/ssengine/util.h" />
		<Extensions>
			<code_completion />
			<envvars />
			<debugger />
			<lib_finder disable_auto="1" />
		</Extensions>
	</Project>
</CodeBlocks_project_file>
